
Microsoft Visual Studio Solution File, Format Version 12.00
# Visual Studio Version 17
VisualStudioVersion = 17.2.32616.157
MinimumVisualStudioVersion = 10.0.40219.1
Project("{8BC9CEB8-8B4A-11D0-8D11-00A0C91BC942}") = "ChessGame", "ChessGame\ChessGame.vcxproj", "{CAAAEA10-9273-48BA-BC18-68D28E9B3CAD}"
EndProject
Global
	GlobalSection(SolutionConfigurationPlatforms) = preSolution
		Debug|x64 = Debug|x64
		Debug|x86 = Debug|x86
		Release|x64 = Release|x64
		Release|x86 = Release|x86
	EndGlobalSection
	GlobalSection(ProjectConfigurationPlatforms) = postSolution
		{CAAAEA10-9273-48BA-BC18-68D28E9B3CAD}.Debug|x64.ActiveCfg = Debug|x64
		{CAAAEA10-9273-48BA-BC18-68D28E9B3CAD}.Debug|x64.Build.0 = Debug|x64
		{CAAAEA10-9273-48BA-BC18-68D28E9B3CAD}.Debug|x86.ActiveCfg = Debug|Win32
		{CAAAEA10-9273-48BA-BC18-68D28E9B3CAD}.Debug|x86.Build.0 = Debug|Win32
		{CAAAEA10-9273-48BA-BC18-68D28E9B3CAD}.Release|x64.ActiveCfg = Release|x64
		{CAAAEA10-9273-48BA-BC18-68D28E9B3CAD}.Release|x64.Build.0 = Release|x64
		{CAAAEA10-9273-48BA-BC18-68D28E9B3CAD}.Release|x86.ActiveCfg = Release|Win32
		{CAAAEA10-9273-48BA-BC18-68D28E9B3CAD}.Release|x86.Build.0 = Release|Win32
	EndGlobalSection
	GlobalSection(SolutionProperties) = preSolution
		HideSolutionNode = FALSE
	EndGlobalSection
	GlobalSection(ExtensibilityGlobals) = postSolution
		SolutionGuid = {3F726F52-9F71-49BF-8387-59803D55D386}
	EndGlobalSection
EndGlobal
